
Microsoft Visual Studio Solution File, Format Version 12.00
# Visual Studio Version 17
VisualStudioVersion = 17.8.34330.188
MinimumVisualStudioVersion = 10.0.40219.1
Project("{FAE04EC0-301F-11D3-BF4B-00C04F79EFBC}") = "index.html", "index.html\index.html.csproj", "{97285BB1-E81B-4824-B48F-AAB9913331F5}"
EndProject
Global
	GlobalSection(SolutionConfigurationPlatforms) = preSolution
		Debug|Any CPU = Debug|Any CPU
		Release|Any CPU = Release|Any CPU
	EndGlobalSection
	GlobalSection(ProjectConfigurationPlatforms) = postSolution
		{97285BB1-E81B-4824-B48F-AAB9913331F5}.Debug|Any CPU.ActiveCfg = Debug|Any CPU
		{97285BB1-E81B-4824-B48F-AAB9913331F5}.Debug|Any CPU.Build.0 = Debug|Any CPU
		{97285BB1-E81B-4824-B48F-AAB9913331F5}.Release|Any CPU.ActiveCfg = Release|Any CPU
		{97285BB1-E81B-4824-B48F-AAB9913331F5}.Release|Any CPU.Build.0 = Release|Any CPU
	EndGlobalSection
	GlobalSection(SolutionProperties) = preSolution
		HideSolutionNode = FALSE
	EndGlobalSection
	GlobalSection(ExtensibilityGlobals) = postSolution
		SolutionGuid = {586FB279-3392-4F8D-83A3-190DC3A86DB4}
	EndGlobalSection
EndGlobal
